{
  "name": "vite-plugin-albio",
  "version": "1.0.0",
  "lockfileVersion": 2,
  "requires": true,
  "packages": {
    "": {
      "name": "vite-plugin-albio",
      "version": "1.0.0",
      "license": "ISC",
      "devDependencies": {
        "albio": "^1.0.1",
        "rollup": "^3.9.1"
      }
    },
    "node_modules/@types/estree": {
      "version": "0.0.50",
      "resolved": "https://registry.npmjs.org/@types/estree/-/estree-0.0.50.tgz",
      "integrity": "sha512-C6N5s2ZFtuZRj54k2/zyRhNDjJwwcViAM3Nbm8zjBpbqAdZ00mr0CFxvSKeO8Y/e03WVFLpQMdHYVfUd6SB+Hw==",
      "dev": true
    },
    "node_modules/acorn": {
      "version": "8.8.1",
      "resolved": "https://registry.npmjs.org/acorn/-/acorn-8.8.1.tgz",
      "integrity": "sha512-7zFpHzhnqYKrkYdUjF1HI1bzd0VygEGX8lFk4k5zVMqHEoES+P+7TKI+EvLO9WVMJ8eekdO0aDEK044xTXwPPA==",
      "dev": true,
      "bin": {
        "acorn": "bin/acorn"
      },
      "engines": {
        "node": ">=0.4.0"
      }
    },
    "node_modules/albio": {
      "version": "1.0.1",
      "resolved": "https://registry.npmjs.org/albio/-/albio-1.0.1.tgz",
      "integrity": "sha512-BKzJ33XdLCZXj52vS0Slt7NIjCbXycanSQPs0e8i5hQiJ1ma514+ydlVkOuMLkn+B84l8N1o95XwVN9zBnD0Mg==",
      "dev": true,
      "dependencies": {
        "code-red": "^0.2.5",
        "periscopic": "^3.0.4"
      },
      "engines": {
        "node": ">= 8"
      }
    },
    "node_modules/code-red": {
      "version": "0.2.5",
      "resolved": "https://registry.npmjs.org/code-red/-/code-red-0.2.5.tgz",
      "integrity": "sha512-x+uQyJLNS1v0+74eXqM7FMPoM1fU/fN3tdexGWtCuVjCfxADt1TuuEGIGlFyCC2vhgINDctDb/rgSn8/ZDfJsQ==",
      "dev": true,
      "dependencies": {
        "@types/estree": "^0.0.50",
        "acorn": "^8.0.5",
        "estree-walker": "^3.0.0",
        "is-reference": "^3.0.0",
        "periscopic": "^3.0.4",
        "sourcemap-codec": "^1.4.8"
      }
    },
    "node_modules/estree-walker": {
      "version": "3.0.2",
      "resolved": "https://registry.npmjs.org/estree-walker/-/estree-walker-3.0.2.tgz",
      "integrity": "sha512-C03BvXCQIH/po+PNPONx/zSM9ziPr9weX8xNhYb/IJtdJ9z+L4z9VKPTB+UTHdmhnIopA2kc419ueyVyHVktwA==",
      "dev": true
    },
    "node_modules/fsevents": {
      "version": "2.3.2",
      "resolved": "https://registry.npmjs.org/fsevents/-/fsevents-2.3.2.tgz",
      "integrity": "sha512-xiqMQR4xAeHTuB9uWm+fFRcIOgKBMiOBP+eXiyT7jsgVCq1bkVygt00oASowB7EdtpOHaaPgKt812P9ab+DDKA==",
      "dev": true,
      "hasInstallScript": true,
      "optional": true,
      "os": [
        "darwin"
      ],
      "engines": {
        "node": "^8.16.0 || ^10.6.0 || >=11.0.0"
      }
    },
    "node_modules/is-reference": {
      "version": "3.0.1",
      "resolved": "https://registry.npmjs.org/is-reference/-/is-reference-3.0.1.tgz",
      "integrity": "sha512-baJJdQLiYaJdvFbJqXrcGv3WU3QCzBlUcI5QhbesIm6/xPsvmO+2CDoi/GMOFBQEQm+PXkwOPrp9KK5ozZsp2w==",
      "dev": true,
      "dependencies": {
        "@types/estree": "*"
      }
    },
    "node_modules/periscopic": {
      "version": "3.0.4",
      "resolved": "https://registry.npmjs.org/periscopic/-/periscopic-3.0.4.tgz",
      "integrity": "sha512-SFx68DxCv0Iyo6APZuw/AKewkkThGwssmU0QWtTlvov3VAtPX+QJ4CadwSaz8nrT5jPIuxdvJWB4PnD2KNDxQg==",
      "dev": true,
      "dependencies": {
        "estree-walker": "^3.0.0",
        "is-reference": "^3.0.0"
      }
    },
    "node_modules/rollup": {
      "version": "3.9.1",
      "resolved": "https://registry.npmjs.org/rollup/-/rollup-3.9.1.tgz",
      "integrity": "sha512-GswCYHXftN8ZKGVgQhTFUJB/NBXxrRGgO2NCy6E8s1rwEJ4Q9/VttNqcYfEvx4dTo4j58YqdC3OVztPzlKSX8w==",
      "dev": true,
      "bin": {
        "rollup": "dist/bin/rollup"
      },
      "engines": {
        "node": ">=14.18.0",
        "npm": ">=8.0.0"
      },
      "optionalDependencies": {
        "fsevents": "~2.3.2"
      }
    },
    "node_modules/sourcemap-codec": {
      "version": "1.4.8",
      "resolved": "https://registry.npmjs.org/sourcemap-codec/-/sourcemap-codec-1.4.8.tgz",
      "integrity": "sha512-9NykojV5Uih4lgo5So5dtw+f0JgJX30KCNI8gwhz2J9A15wD0Ml6tjHKwf6fTSa6fAdVBdZeNOs9eJ71qCk8vA==",
      "deprecated": "Please use @jridgewell/sourcemap-codec instead",
      "dev": true
    }
  },
  "dependencies": {
    "@types/estree": {
      "version": "0.0.50",
      "resolved": "https://registry.npmjs.org/@types/estree/-/estree-0.0.50.tgz",
      "integrity": "sha512-C6N5s2ZFtuZRj54k2/zyRhNDjJwwcViAM3Nbm8zjBpbqAdZ00mr0CFxvSKeO8Y/e03WVFLpQMdHYVfUd6SB+Hw==",
      "dev": true
    },
    "acorn": {
      "version": "8.8.1",
      "resolved": "https://registry.npmjs.org/acorn/-/acorn-8.8.1.tgz",
      "integrity": "sha512-7zFpHzhnqYKrkYdUjF1HI1bzd0VygEGX8lFk4k5zVMqHEoES+P+7TKI+EvLO9WVMJ8eekdO0aDEK044xTXwPPA==",
      "dev": true
    },
    "albio": {
      "version": "1.0.1",
      "resolved": "https://registry.npmjs.org/albio/-/albio-1.0.1.tgz",
      "integrity": "sha512-BKzJ33XdLCZXj52vS0Slt7NIjCbXycanSQPs0e8i5hQiJ1ma514+ydlVkOuMLkn+B84l8N1o95XwVN9zBnD0Mg==",
      "dev": true,
      "requires": {
        "code-red": "^0.2.5",
        "periscopic": "^3.0.4"
      }
    },
    "code-red": {
      "version": "0.2.5",
      "resolved": "https://registry.npmjs.org/code-red/-/code-red-0.2.5.tgz",
      "integrity": "sha512-x+uQyJLNS1v0+74eXqM7FMPoM1fU/fN3tdexGWtCuVjCfxADt1TuuEGIGlFyCC2vhgINDctDb/rgSn8/ZDfJsQ==",
      "dev": true,
      "requires": {
        "@types/estree": "^0.0.50",
        "acorn": "^8.0.5",
        "estree-walker": "^3.0.0",
        "is-reference": "^3.0.0",
        "periscopic": "^3.0.4",
        "sourcemap-codec": "^1.4.8"
      }
    },
    "estree-walker": {
      "version": "3.0.2",
      "resolved": "https://registry.npmjs.org/estree-walker/-/estree-walker-3.0.2.tgz",
      "integrity": "sha512-C03BvXCQIH/po+PNPONx/zSM9ziPr9weX8xNhYb/IJtdJ9z+L4z9VKPTB+UTHdmhnIopA2kc419ueyVyHVktwA==",
      "dev": true
    },
    "fsevents": {
      "version": "2.3.2",
      "resolved": "https://registry.npmjs.org/fsevents/-/fsevents-2.3.2.tgz",
      "integrity": "sha512-xiqMQR4xAeHTuB9uWm+fFRcIOgKBMiOBP+eXiyT7jsgVCq1bkVygt00oASowB7EdtpOHaaPgKt812P9ab+DDKA==",
      "dev": true,
      "optional": true
    },
    "is-reference": {
      "version": "3.0.1",
      "resolved": "https://registry.npmjs.org/is-reference/-/is-reference-3.0.1.tgz",
      "integrity": "sha512-baJJdQLiYaJdvFbJqXrcGv3WU3QCzBlUcI5QhbesIm6/xPsvmO+2CDoi/GMOFBQEQm+PXkwOPrp9KK5ozZsp2w==",
      "dev": true,
      "requires": {
        "@types/estree": "*"
      }
    },
    "periscopic": {
      "version": "3.0.4",
      "resolved": "https://registry.npmjs.org/periscopic/-/periscopic-3.0.4.tgz",
      "integrity": "sha512-SFx68DxCv0Iyo6APZuw/AKewkkThGwssmU0QWtTlvov3VAtPX+QJ4CadwSaz8nrT5jPIuxdvJWB4PnD2KNDxQg==",
      "dev": true,
      "requires": {
        "estree-walker": "^3.0.0",
        "is-reference": "^3.0.0"
      }
    },
    "rollup": {
      "version": "3.9.1",
      "resolved": "https://registry.npmjs.org/rollup/-/rollup-3.9.1.tgz",
      "integrity": "sha512-GswCYHXftN8ZKGVgQhTFUJB/NBXxrRGgO2NCy6E8s1rwEJ4Q9/VttNqcYfEvx4dTo4j58YqdC3OVztPzlKSX8w==",
      "dev": true,
      "requires": {
        "fsevents": "~2.3.2"
      }
    },
    "sourcemap-codec": {
      "version": "1.4.8",
      "resolved": "https://registry.npmjs.org/sourcemap-codec/-/sourcemap-codec-1.4.8.tgz",
      "integrity": "sha512-9NykojV5Uih4lgo5So5dtw+f0JgJX30KCNI8gwhz2J9A15wD0Ml6tjHKwf6fTSa6fAdVBdZeNOs9eJ71qCk8vA==",
      "dev": true
    }
  }
}
